// !$*UTF8*$!
{
	archiveVersion = 1;
	classes = {
	};
	objectVersion = 56;
	objects = {

/* Begin PBXBuildFile section */
		011CF57D29B84B3700C8AAC7 /* FlickrDataModel.swift in Sources */ = {isa = PBXBuildFile; fileRef = 011CF57C29B84B3700C8AAC7 /* FlickrDataModel.swift */; };
		011CF58529BAF3CB00C8AAC7 /* HomeViewModel.swift in Sources */ = {isa = PBXBuildFile; fileRef = 011CF58429BAF3CB00C8AAC7 /* HomeViewModel.swift */; };
		016E086B29CBCABD0010F16D /* LocationService.swift in Sources */ = {isa = PBXBuildFile; fileRef = 016E086A29CBCABD0010F16D /* LocationService.swift */; };
		016E087029D11B3E0010F16D /* NetworkService.swift in Sources */ = {isa = PBXBuildFile; fileRef = 016E086F29D11B3E0010F16D /* NetworkService.swift */; };
		018A99BC29ADA197006330D8 /* AppDelegate.swift in Sources */ = {isa = PBXBuildFile; fileRef = 018A99BB29ADA197006330D8 /* AppDelegate.swift */; };
		018A99BE29ADA197006330D8 /* SceneDelegate.swift in Sources */ = {isa = PBXBuildFile; fileRef = 018A99BD29ADA197006330D8 /* SceneDelegate.swift */; };
		018A99C529ADA198006330D8 /* Assets.xcassets in Resources */ = {isa = PBXBuildFile; fileRef = 018A99C429ADA198006330D8 /* Assets.xcassets */; };
		018A99D029ADA28F006330D8 /* HomeViewController.swift in Sources */ = {isa = PBXBuildFile; fileRef = 018A99CF29ADA28F006330D8 /* HomeViewController.swift */; };
		01E0CA5129B1C745008BD09C /* CustomCollectionViewCell.swift in Sources */ = {isa = PBXBuildFile; fileRef = 01E0CA5029B1C745008BD09C /* CustomCollectionViewCell.swift */; };
		01E0CA5329B1C90E008BD09C /* FVLabel.swift in Sources */ = {isa = PBXBuildFile; fileRef = 01E0CA5229B1C90E008BD09C /* FVLabel.swift */; };
		01E0CA5529B1D291008BD09C /* DetailsViewController.swift in Sources */ = {isa = PBXBuildFile; fileRef = 01E0CA5429B1D291008BD09C /* DetailsViewController.swift */; };
		C4BE182329DBF66E0077319E /* DetailsViewModel.swift in Sources */ = {isa = PBXBuildFile; fileRef = C4BE182229DBF66E0077319E /* DetailsViewModel.swift */; };
		C4BE182729E7CA840077319E /* FVCloseButton.swift in Sources */ = {isa = PBXBuildFile; fileRef = C4BE182629E7CA840077319E /* FVCloseButton.swift */; };
		C4BE182929EE58100077319E /* SpinnerViewController.swift in Sources */ = {isa = PBXBuildFile; fileRef = C4BE182829EE58100077319E /* SpinnerViewController.swift */; };
/* End PBXBuildFile section */

/* Begin PBXFileReference section */
		011CF57C29B84B3700C8AAC7 /* FlickrDataModel.swift */ = {isa = PBXFileReference; lastKnownFileType = sourcecode.swift; path = FlickrDataModel.swift; sourceTree = "<group>"; };
		011CF58429BAF3CB00C8AAC7 /* HomeViewModel.swift */ = {isa = PBXFileReference; lastKnownFileType = sourcecode.swift; path = HomeViewModel.swift; sourceTree = "<group>"; };
		016E086A29CBCABD0010F16D /* LocationService.swift */ = {isa = PBXFileReference; lastKnownFileType = sourcecode.swift; path = LocationService.swift; sourceTree = "<group>"; };
		016E086F29D11B3E0010F16D /* NetworkService.swift */ = {isa = PBXFileReference; lastKnownFileType = sourcecode.swift; path = NetworkService.swift; sourceTree = "<group>"; };
		018A99B829ADA197006330D8 /* FlickrViewer.app */ = {isa = PBXFileReference; explicitFileType = wrapper.application; includeInIndex = 0; path = FlickrViewer.app; sourceTree = BUILT_PRODUCTS_DIR; };
		018A99BB29ADA197006330D8 /* AppDelegate.swift */ = {isa = PBXFileReference; lastKnownFileType = sourcecode.swift; path = AppDelegate.swift; sourceTree = "<group>"; };
		018A99BD29ADA197006330D8 /* SceneDelegate.swift */ = {isa = PBXFileReference; lastKnownFileType = sourcecode.swift; path = SceneDelegate.swift; sourceTree = "<group>"; };
		018A99C429ADA198006330D8 /* Assets.xcassets */ = {isa = PBXFileReference; lastKnownFileType = folder.assetcatalog; path = Assets.xcassets; sourceTree = "<group>"; };
		018A99C929ADA198006330D8 /* Info.plist */ = {isa = PBXFileReference; lastKnownFileType = text.plist.xml; path = Info.plist; sourceTree = "<group>"; };
		018A99CF29ADA28F006330D8 /* HomeViewController.swift */ = {isa = PBXFileReference; lastKnownFileType = sourcecode.swift; path = HomeViewController.swift; sourceTree = "<group>"; };
		01E0CA5029B1C745008BD09C /* CustomCollectionViewCell.swift */ = {isa = PBXFileReference; lastKnownFileType = sourcecode.swift; path = CustomCollectionViewCell.swift; sourceTree = "<group>"; };
		01E0CA5229B1C90E008BD09C /* FVLabel.swift */ = {isa = PBXFileReference; lastKnownFileType = sourcecode.swift; path = FVLabel.swift; sourceTree = "<group>"; };
		01E0CA5429B1D291008BD09C /* DetailsViewController.swift */ = {isa = PBXFileReference; lastKnownFileType = sourcecode.swift; path = DetailsViewController.swift; sourceTree = "<group>"; };
		C4BE182229DBF66E0077319E /* DetailsViewModel.swift */ = {isa = PBXFileReference; lastKnownFileType = sourcecode.swift; path = DetailsViewModel.swift; sourceTree = "<group>"; };
		C4BE182629E7CA840077319E /* FVCloseButton.swift */ = {isa = PBXFileReference; lastKnownFileType = sourcecode.swift; name = FVCloseButton.swift; path = FlickrViewer/Utilities/FVCloseButton.swift; sourceTree = SOURCE_ROOT; };
		C4BE182829EE58100077319E /* SpinnerViewController.swift */ = {isa = PBXFileReference; lastKnownFileType = sourcecode.swift; path = SpinnerViewController.swift; sourceTree = "<group>"; };
/* End PBXFileReference section */

/* Begin PBXFrameworksBuildPhase section */
		018A99B529ADA197006330D8 /* Frameworks */ = {
			isa = PBXFrameworksBuildPhase;
			buildActionMask = 2147483647;
			files = (
			);
			runOnlyForDeploymentPostprocessing = 0;
		};
/* End PBXFrameworksBuildPhase section */

/* Begin PBXGroup section */
		011CF58729BB018D00C8AAC7 /* ViewModels */ = {
			isa = PBXGroup;
			children = (
				011CF58429BAF3CB00C8AAC7 /* HomeViewModel.swift */,
				C4BE182229DBF66E0077319E /* DetailsViewModel.swift */,
			);
			path = ViewModels;
			sourceTree = "<group>";
		};
		011CF58829BB019900C8AAC7 /* Models */ = {
			isa = PBXGroup;
			children = (
				011CF57C29B84B3700C8AAC7 /* FlickrDataModel.swift */,
			);
			path = Models;
			sourceTree = "<group>";
		};
		011CF58929BB01AB00C8AAC7 /* ViewControllers */ = {
			isa = PBXGroup;
			children = (
				018A99CF29ADA28F006330D8 /* HomeViewController.swift */,
				01E0CA5429B1D291008BD09C /* DetailsViewController.swift */,
				01E0CA5029B1C745008BD09C /* CustomCollectionViewCell.swift */,
				C4BE182829EE58100077319E /* SpinnerViewController.swift */,
			);
			path = ViewControllers;
			sourceTree = "<group>";
		};
		011CF58A29BB01C900C8AAC7 /* Utilities */ = {
			isa = PBXGroup;
			children = (
				018A99C429ADA198006330D8 /* Assets.xcassets */,
				01E0CA5229B1C90E008BD09C /* FVLabel.swift */,
				C4BE182629E7CA840077319E /* FVCloseButton.swift */,
			);
			path = Utilities;
			sourceTree = "<group>";
		};
		011CF58B29BB01D100C8AAC7 /* Common */ = {
			isa = PBXGroup;
			children = (
				018A99BB29ADA197006330D8 /* AppDelegate.swift */,
				018A99BD29ADA197006330D8 /* SceneDelegate.swift */,
			);
			path = Common;
			sourceTree = "<group>";
		};
		016E086C29CBD1400010F16D /* Services */ = {
			isa = PBXGroup;
			children = (
				016E086A29CBCABD0010F16D /* LocationService.swift */,
				016E086F29D11B3E0010F16D /* NetworkService.swift */,
			);
			path = Services;
			sourceTree = "<group>";
		};
		018A99AF29ADA197006330D8 = {
			isa = PBXGroup;
			children = (
				018A99BA29ADA197006330D8 /* FlickrViewer */,
				018A99B929ADA197006330D8 /* Products */,
			);
			sourceTree = "<group>";
		};
		018A99B929ADA197006330D8 /* Products */ = {
			isa = PBXGroup;
			children = (
				018A99B829ADA197006330D8 /* FlickrViewer.app */,
			);
			name = Products;
			sourceTree = "<group>";
		};
		018A99BA29ADA197006330D8 /* FlickrViewer */ = {
			isa = PBXGroup;
			children = (
				011CF58929BB01AB00C8AAC7 /* ViewControllers */,
				011CF58729BB018D00C8AAC7 /* ViewModels */,
				016E086C29CBD1400010F16D /* Services */,
				011CF58B29BB01D100C8AAC7 /* Common */,
				018A99C929ADA198006330D8 /* Info.plist */,
				011CF58A29BB01C900C8AAC7 /* Utilities */,
				011CF58829BB019900C8AAC7 /* Models */,
			);
			path = FlickrViewer;
			sourceTree = "<group>";
		};
/* End PBXGroup section */

/* Begin PBXNativeTarget section */
		018A99B729ADA197006330D8 /* FlickrViewer */ = {
			isa = PBXNativeTarget;
			buildConfigurationList = 018A99CC29ADA198006330D8 /* Build configuration list for PBXNativeTarget "FlickrViewer" */;
			buildPhases = (
				018A99B429ADA197006330D8 /* Sources */,
				018A99B529ADA197006330D8 /* Frameworks */,
				018A99B629ADA197006330D8 /* Resources */,
			);
			buildRules = (
			);
			dependencies = (
			);
			name = FlickrViewer;
			productName = FlickrViewer;
			productReference = 018A99B829ADA197006330D8 /* FlickrViewer.app */;
			productType = "com.apple.product-type.application";
		};
/* End PBXNativeTarget section */

/* Begin PBXProject section */
		018A99B029ADA197006330D8 /* Project object */ = {
			isa = PBXProject;
			attributes = {
				BuildIndependentTargetsInParallel = 1;
				LastSwiftUpdateCheck = 1420;
				LastUpgradeCheck = 1420;
				TargetAttributes = {
					018A99B729ADA197006330D8 = {
						CreatedOnToolsVersion = 14.2;
					};
				};
			};
			buildConfigurationList = 018A99B329ADA197006330D8 /* Build configuration list for PBXProject "FlickrViewer" */;
			compatibilityVersion = "Xcode 14.0";
			developmentRegion = en;
			hasScannedForEncodings = 0;
			knownRegions = (
				en,
				Base,
			);
			mainGroup = 018A99AF29ADA197006330D8;
			productRefGroup = 018A99B929ADA197006330D8 /* Products */;
			projectDirPath = "";
			projectRoot = "";
			targets = (
				018A99B729ADA197006330D8 /* FlickrViewer */,
			);
		};
/* End PBXProject section */

/* Begin PBXResourcesBuildPhase section */
		018A99B629ADA197006330D8 /* Resources */ = {
			isa = PBXResourcesBuildPhase;
			buildActionMask = 2147483647;
			files = (
				018A99C529ADA198006330D8 /* Assets.xcassets in Resources */,
			);
			runOnlyForDeploymentPostprocessing = 0;
		};
/* End PBXResourcesBuildPhase section */

/* Begin PBXSourcesBuildPhase section */
		018A99B429ADA197006330D8 /* Sources */ = {
			isa = PBXSourcesBuildPhase;
			buildActionMask = 2147483647;
			files = (
				016E087029D11B3E0010F16D /* NetworkService.swift in Sources */,
				018A99BC29ADA197006330D8 /* AppDelegate.swift in Sources */,
				018A99BE29ADA197006330D8 /* SceneDelegate.swift in Sources */,
				C4BE182929EE58100077319E /* SpinnerViewController.swift in Sources */,
				011CF57D29B84B3700C8AAC7 /* FlickrDataModel.swift in Sources */,
				C4BE182729E7CA840077319E /* FVCloseButton.swift in Sources */,
				011CF58529BAF3CB00C8AAC7 /* HomeViewModel.swift in Sources */,
				01E0CA5329B1C90E008BD09C /* FVLabel.swift in Sources */,
				01E0CA5129B1C745008BD09C /* CustomCollectionViewCell.swift in Sources */,
				C4BE182329DBF66E0077319E /* DetailsViewModel.swift in Sources */,
				018A99D029ADA28F006330D8 /* HomeViewController.swift in Sources */,
				016E086B29CBCABD0010F16D /* LocationService.swift in Sources */,
				01E0CA5529B1D291008BD09C /* DetailsViewController.swift in Sources */,
			);
			runOnlyForDeploymentPostprocessing = 0;
		};
/* End PBXSourcesBuildPhase section */

/* Begin XCBuildConfiguration section */
		018A99CA29ADA198006330D8 /* Debug */ = {
			isa = XCBuildConfiguration;
			buildSettings = {
				ALWAYS_SEARCH_USER_PATHS = NO;
				CLANG_ANALYZER_NONNULL = YES;
				CLANG_ANALYZER_NUMBER_OBJECT_CONVERSION = YES_AGGRESSIVE;
				CLANG_CXX_LANGUAGE_STANDARD = "gnu++20";
				CLANG_ENABLE_MODULES = YES;
				CLANG_ENABLE_OBJC_ARC = YES;
				CLANG_ENABLE_OBJC_WEAK = YES;
				CLANG_WARN_BLOCK_CAPTURE_AUTORELEASING = YES;
				CLANG_WARN_BOOL_CONVERSION = YES;
				CLANG_WARN_COMMA = YES;
				CLANG_WARN_CONSTANT_CONVERSION = YES;
				CLANG_WARN_DEPRECATED_OBJC_IMPLEMENTATIONS = YES;
				CLANG_WARN_DIRECT_OBJC_ISA_USAGE = YES_ERROR;
				CLANG_WARN_DOCUMENTATION_COMMENTS = YES;
				CLANG_WARN_EMPTY_BODY = YES;
				CLANG_WARN_ENUM_CONVERSION = YES;
				CLANG_WARN_INFINITE_RECURSION = YES;
				CLANG_WARN_INT_CONVERSION = YES;
				CLANG_WARN_NON_LITERAL_NULL_CONVERSION = YES;
				CLANG_WARN_OBJC_IMPLICIT_RETAIN_SELF = YES;
				CLANG_WARN_OBJC_LITERAL_CONVERSION = YES;
				CLANG_WARN_OBJC_ROOT_CLASS = YES_ERROR;
				CLANG_WARN_QUOTED_INCLUDE_IN_FRAMEWORK_HEADER = YES;
				CLANG_WARN_RANGE_LOOP_ANALYSIS = YES;
				CLANG_WARN_STRICT_PROTOTYPES = YES;
				CLANG_WARN_SUSPICIOUS_MOVE = YES;
				CLANG_WARN_UNGUARDED_AVAILABILITY = YES_AGGRESSIVE;
				CLANG_WARN_UNREACHABLE_CODE = YES;
				CLANG_WARN__DUPLICATE_METHOD_MATCH = YES;
				COPY_PHASE_STRIP = NO;
				DEBUG_INFORMATION_FORMAT = dwarf;
				ENABLE_STRICT_OBJC_MSGSEND = YES;
				ENABLE_TESTABILITY = YES;
				GCC_C_LANGUAGE_STANDARD = gnu11;
				GCC_DYNAMIC_NO_PIC = NO;
				GCC_NO_COMMON_BLOCKS = YES;
				GCC_OPTIMIZATION_LEVEL = 0;
				GCC_PREPROCESSOR_DEFINITIONS = (
					"DEBUG=1",
					"$(inherited)",
				);
				GCC_WARN_64_TO_32_BIT_CONVERSION = YES;
				GCC_WARN_ABOUT_RETURN_TYPE = YES_ERROR;
				GCC_WARN_UNDECLARED_SELECTOR = YES;
				GCC_WARN_UNINITIALIZED_AUTOS = YES_AGGRESSIVE;
				GCC_WARN_UNUSED_FUNCTION = YES;
				GCC_WARN_UNUSED_VARIABLE = YES;
				IPHONEOS_DEPLOYMENT_TARGET = 16.2;
				MTL_ENABLE_DEBUG_INFO = INCLUDE_SOURCE;
				MTL_FAST_MATH = YES;
				ONLY_ACTIVE_ARCH = YES;
				SDKROOT = iphoneos;
				SWIFT_ACTIVE_COMPILATION_CONDITIONS = DEBUG;
				SWIFT_OPTIMIZATION_LEVEL = "-Onone";
			};
			name = Debug;
		};
		018A99CB29ADA198006330D8 /* Release */ = {
			isa = XCBuildConfiguration;
			buildSettings = {
				ALWAYS_SEARCH_USER_PATHS = NO;
				CLANG_ANALYZER_NONNULL = YES;
				CLANG_ANALYZER_NUMBER_OBJECT_CONVERSION = YES_AGGRESSIVE;
				CLANG_CXX_LANGUAGE_STANDARD = "gnu++20";
				CLANG_ENABLE_MODULES = YES;
				CLANG_ENABLE_OBJC_ARC = YES;
				CLANG_ENABLE_OBJC_WEAK = YES;
				CLANG_WARN_BLOCK_CAPTURE_AUTORELEASING = YES;
				CLANG_WARN_BOOL_CONVERSION = YES;
				CLANG_WARN_COMMA = YES;
				CLANG_WARN_CONSTANT_CONVERSION = YES;
				CLANG_WARN_DEPRECATED_OBJC_IMPLEMENTATIONS = YES;
				CLANG_WARN_DIRECT_OBJC_ISA_USAGE = YES_ERROR;
				CLANG_WARN_DOCUMENTATION_COMMENTS = YES;
				CLANG_WARN_EMPTY_BODY = YES;
				CLANG_WARN_ENUM_CONVERSION = YES;
				CLANG_WARN_INFINITE_RECURSION = YES;
				CLANG_WARN_INT_CONVERSION = YES;
				CLANG_WARN_NON_LITERAL_NULL_CONVERSION = YES;
				CLANG_WARN_OBJC_IMPLICIT_RETAIN_SELF = YES;
				CLANG_WARN_OBJC_LITERAL_CONVERSION = YES;
				CLANG_WARN_OBJC_ROOT_CLASS = YES_ERROR;
				CLANG_WARN_QUOTED_INCLUDE_IN_FRAMEWORK_HEADER = YES;
				CLANG_WARN_RANGE_LOOP_ANALYSIS = YES;
				CLANG_WARN_STRICT_PROTOTYPES = YES;
				CLANG_WARN_SUSPICIOUS_MOVE = YES;
				CLANG_WARN_UNGUARDED_AVAILABILITY = YES_AGGRESSIVE;
				CLANG_WARN_UNREACHABLE_CODE = YES;
				CLANG_WARN__DUPLICATE_METHOD_MATCH = YES;
				COPY_PHASE_STRIP = NO;
				DEBUG_INFORMATION_FORMAT = "dwarf-with-dsym";
				ENABLE_NS_ASSERTIONS = NO;
				ENABLE_STRICT_OBJC_MSGSEND = YES;
				GCC_C_LANGUAGE_STANDARD = gnu11;
				GCC_NO_COMMON_BLOCKS = YES;
				GCC_WARN_64_TO_32_BIT_CONVERSION = YES;
				GCC_WARN_ABOUT_RETURN_TYPE = YES_ERROR;
				GCC_WARN_UNDECLARED_SELECTOR = YES;
				GCC_WARN_UNINITIALIZED_AUTOS = YES_AGGRESSIVE;
				GCC_WARN_UNUSED_FUNCTION = YES;
				GCC_WARN_UNUSED_VARIABLE = YES;
				IPHONEOS_DEPLOYMENT_TARGET = 16.2;
				MTL_ENABLE_DEBUG_INFO = NO;
				MTL_FAST_MATH = YES;
				SDKROOT = iphoneos;
				SWIFT_COMPILATION_MODE = wholemodule;
				SWIFT_OPTIMIZATION_LEVEL = "-O";
				VALIDATE_PRODUCT = YES;
			};
			name = Release;
		};
		018A99CD29ADA198006330D8 /* Debug */ = {
			isa = XCBuildConfiguration;
			buildSettings = {
				ASSETCATALOG_COMPILER_APPICON_NAME = AppIcon;
				ASSETCATALOG_COMPILER_GLOBAL_ACCENT_COLOR_NAME = AccentColor;
				CODE_SIGN_STYLE = Automatic;
				CURRENT_PROJECT_VERSION = 1;
				DEVELOPMENT_TEAM = G9GJKD3N3Y;
				GENERATE_INFOPLIST_FILE = YES;
				INFOPLIST_FILE = FlickrViewer/Info.plist;
				INFOPLIST_KEY_NSLocationWhenInUseUsageDescription = "Getting Location to gather nearby images";
				INFOPLIST_KEY_UIApplicationSupportsIndirectInputEvents = YES;
				INFOPLIST_KEY_UISupportedInterfaceOrientations_iPad = "UIInterfaceOrientationPortrait UIInterfaceOrientationPortraitUpsideDown UIInterfaceOrientationLandscapeLeft UIInterfaceOrientationLandscapeRight";
				INFOPLIST_KEY_UISupportedInterfaceOrientations_iPhone = "UIInterfaceOrientationPortrait UIInterfaceOrientationLandscapeLeft UIInterfaceOrientationLandscapeRight";
				LD_RUNPATH_SEARCH_PATHS = (
					"$(inherited)",
					"@executable_path/Frameworks",
				);
				MARKETING_VERSION = 1.0;
				PRODUCT_BUNDLE_IDENTIFIER = rosh.FlickrViewer;
				PRODUCT_NAME = "$(TARGET_NAME)";
				SWIFT_EMIT_LOC_STRINGS = YES;
				SWIFT_VERSION = 5.0;
				TARGETED_DEVICE_FAMILY = "1,2";
			};
			name = Debug;
		};
		018A99CE29ADA198006330D8 /* Release */ = {
			isa = XCBuildConfiguration;
			buildSettings = {
				ASSETCATALOG_COMPILER_APPICON_NAME = AppIcon;
				ASSETCATALOG_COMPILER_GLOBAL_ACCENT_COLOR_NAME = AccentColor;
				CODE_SIGN_STYLE = Automatic;
				CURRENT_PROJECT_VERSION = 1;
				DEVELOPMENT_TEAM = G9GJKD3N3Y;
				GENERATE_INFOPLIST_FILE = YES;
				INFOPLIST_FILE = FlickrViewer/Info.plist;
				INFOPLIST_KEY_NSLocationWhenInUseUsageDescription = "Getting Location to gather nearby images";
				INFOPLIST_KEY_UIApplicationSupportsIndirectInputEvents = YES;
				INFOPLIST_KEY_UISupportedInterfaceOrientations_iPad = "UIInterfaceOrientationPortrait UIInterfaceOrientationPortraitUpsideDown UIInterfaceOrientationLandscapeLeft UIInterfaceOrientationLandscapeRight";
				INFOPLIST_KEY_UISupportedInterfaceOrientations_iPhone = "UIInterfaceOrientationPortrait UIInterfaceOrientationLandscapeLeft UIInterfaceOrientationLandscapeRight";
				LD_RUNPATH_SEARCH_PATHS = (
					"$(inherited)",
					"@executable_path/Frameworks",
				);
				MARKETING_VERSION = 1.0;
				PRODUCT_BUNDLE_IDENTIFIER = rosh.FlickrViewer;
				PRODUCT_NAME = "$(TARGET_NAME)";
				SWIFT_EMIT_LOC_STRINGS = YES;
				SWIFT_VERSION = 5.0;
				TARGETED_DEVICE_FAMILY = "1,2";
			};
			name = Release;
		};
/* End XCBuildConfiguration section */

/* Begin XCConfigurationList section */
		018A99B329ADA197006330D8 /* Build configuration list for PBXProject "FlickrViewer" */ = {
			isa = XCConfigurationList;
			buildConfigurations = (
				018A99CA29ADA198006330D8 /* Debug */,
				018A99CB29ADA198006330D8 /* Release */,
			);
			defaultConfigurationIsVisible = 0;
			defaultConfigurationName = Release;
		};
		018A99CC29ADA198006330D8 /* Build configuration list for PBXNativeTarget "FlickrViewer" */ = {
			isa = XCConfigurationList;
			buildConfigurations = (
				018A99CD29ADA198006330D8 /* Debug */,
				018A99CE29ADA198006330D8 /* Release */,
			);
			defaultConfigurationIsVisible = 0;
			defaultConfigurationName = Release;
		};
/* End XCConfigurationList section */
	};
	rootObject = 018A99B029ADA197006330D8 /* Project object */;
}
